// !$*UTF8*$!
{
	archiveVersion = 1;
	classes = {
	};
	objectVersion = 50;
	objects = {

/* Begin PBXBuildFile section */
		2309D4EE2620584B00BF816F /* Token.swift in Sources */ = {isa = PBXBuildFile; fileRef = 2309D4ED2620584B00BF816F /* Token.swift */; };
		2309D4F12620587200BF816F /* ExchangeRates.swift in Sources */ = {isa = PBXBuildFile; fileRef = 2309D4F02620587200BF816F /* ExchangeRates.swift */; };
		2309D4F4262058A800BF816F /* User.swift in Sources */ = {isa = PBXBuildFile; fileRef = 2309D4F3262058A800BF816F /* User.swift */; };
		2309D4F72620623500BF816F /* UserManager.swift in Sources */ = {isa = PBXBuildFile; fileRef = 2309D4F62620623500BF816F /* UserManager.swift */; };
		2309D4FE2620629400BF816F /* Constants.swift in Sources */ = {isa = PBXBuildFile; fileRef = 2309D4FD2620629400BF816F /* Constants.swift */; };
		2309D501262078C500BF816F /* UITextField+ContentType.swift in Sources */ = {isa = PBXBuildFile; fileRef = 2309D500262078C500BF816F /* UITextField+ContentType.swift */; };
		23591714261DB54300F14399 /* AuthenticationViewController.swift in Sources */ = {isa = PBXBuildFile; fileRef = 23591713261DB54300F14399 /* AuthenticationViewController.swift */; };
		23719AC92638A6710045DE41 /* Voyage.swift in Sources */ = {isa = PBXBuildFile; fileRef = 23719AC82638A6710045DE41 /* Voyage.swift */; };
		23FE66F9261C0FF600B36C85 /* AppDelegate.swift in Sources */ = {isa = PBXBuildFile; fileRef = 23FE66F8261C0FF600B36C85 /* AppDelegate.swift */; };
		23FE66FB261C0FF600B36C85 /* SceneDelegate.swift in Sources */ = {isa = PBXBuildFile; fileRef = 23FE66FA261C0FF600B36C85 /* SceneDelegate.swift */; };
		23FE66FD261C0FF600B36C85 /* ExchangeViewController.swift in Sources */ = {isa = PBXBuildFile; fileRef = 23FE66FC261C0FF600B36C85 /* ExchangeViewController.swift */; };
		23FE6702261C0FF700B36C85 /* Assets.xcassets in Resources */ = {isa = PBXBuildFile; fileRef = 23FE6701261C0FF700B36C85 /* Assets.xcassets */; };
		23FE6705261C0FF700B36C85 /* LaunchScreen.storyboard in Resources */ = {isa = PBXBuildFile; fileRef = 23FE6703261C0FF700B36C85 /* LaunchScreen.storyboard */; };
		23FE6711261C189E00B36C85 /* AddTransactionViewController.swift in Sources */ = {isa = PBXBuildFile; fileRef = 23FE6710261C189E00B36C85 /* AddTransactionViewController.swift */; };
		23FE6716261C191600B36C85 /* BoldBorderlessTextField.swift in Sources */ = {isa = PBXBuildFile; fileRef = 23FE6715261C191600B36C85 /* BoldBorderlessTextField.swift */; };
		23FE671A261C2F2300B36C85 /* FilledButton.swift in Sources */ = {isa = PBXBuildFile; fileRef = 23FE6719261C2F2300B36C85 /* FilledButton.swift */; };
		23FE6720261C341C00B36C85 /* Authentication.swift in Sources */ = {isa = PBXBuildFile; fileRef = 23FE671F261C341C00B36C85 /* Authentication.swift */; };
/* End PBXBuildFile section */

/* Begin PBXFileReference section */
		2309D4ED2620584B00BF816F /* Token.swift */ = {isa = PBXFileReference; lastKnownFileType = sourcecode.swift; path = Token.swift; sourceTree = "<group>"; };
		2309D4F02620587200BF816F /* ExchangeRates.swift */ = {isa = PBXFileReference; lastKnownFileType = sourcecode.swift; path = ExchangeRates.swift; sourceTree = "<group>"; };
		2309D4F3262058A800BF816F /* User.swift */ = {isa = PBXFileReference; lastKnownFileType = sourcecode.swift; path = User.swift; sourceTree = "<group>"; };
		2309D4F62620623500BF816F /* UserManager.swift */ = {isa = PBXFileReference; lastKnownFileType = sourcecode.swift; path = UserManager.swift; sourceTree = "<group>"; };
		2309D4FD2620629400BF816F /* Constants.swift */ = {isa = PBXFileReference; lastKnownFileType = sourcecode.swift; path = Constants.swift; sourceTree = "<group>"; };
		2309D500262078C500BF816F /* UITextField+ContentType.swift */ = {isa = PBXFileReference; lastKnownFileType = sourcecode.swift; path = "UITextField+ContentType.swift"; sourceTree = "<group>"; };
		23591713261DB54300F14399 /* AuthenticationViewController.swift */ = {isa = PBXFileReference; lastKnownFileType = sourcecode.swift; path = AuthenticationViewController.swift; sourceTree = "<group>"; };
		23719AC82638A6710045DE41 /* Voyage.swift */ = {isa = PBXFileReference; fileEncoding = 4; lastKnownFileType = sourcecode.swift; path = Voyage.swift; sourceTree = "<group>"; };
		23FE66F5261C0FF600B36C85 /* Currency Exchange.app */ = {isa = PBXFileReference; explicitFileType = wrapper.application; includeInIndex = 0; path = "Currency Exchange.app"; sourceTree = BUILT_PRODUCTS_DIR; };
		23FE66F8261C0FF600B36C85 /* AppDelegate.swift */ = {isa = PBXFileReference; lastKnownFileType = sourcecode.swift; path = AppDelegate.swift; sourceTree = "<group>"; };
		23FE66FA261C0FF600B36C85 /* SceneDelegate.swift */ = {isa = PBXFileReference; lastKnownFileType = sourcecode.swift; path = SceneDelegate.swift; sourceTree = "<group>"; };
		23FE66FC261C0FF600B36C85 /* ExchangeViewController.swift */ = {isa = PBXFileReference; lastKnownFileType = sourcecode.swift; path = ExchangeViewController.swift; sourceTree = "<group>"; };
		23FE6701261C0FF700B36C85 /* Assets.xcassets */ = {isa = PBXFileReference; lastKnownFileType = folder.assetcatalog; path = Assets.xcassets; sourceTree = "<group>"; };
		23FE6704261C0FF700B36C85 /* Base */ = {isa = PBXFileReference; lastKnownFileType = file.storyboard; name = Base; path = Base.lproj/LaunchScreen.storyboard; sourceTree = "<group>"; };
		23FE6706261C0FF700B36C85 /* Info.plist */ = {isa = PBXFileReference; lastKnownFileType = text.plist.xml; path = Info.plist; sourceTree = "<group>"; };
		23FE6710261C189E00B36C85 /* AddTransactionViewController.swift */ = {isa = PBXFileReference; lastKnownFileType = sourcecode.swift; path = AddTransactionViewController.swift; sourceTree = "<group>"; };
		23FE6715261C191600B36C85 /* BoldBorderlessTextField.swift */ = {isa = PBXFileReference; lastKnownFileType = sourcecode.swift; path = BoldBorderlessTextField.swift; sourceTree = "<group>"; };
		23FE6719261C2F2300B36C85 /* FilledButton.swift */ = {isa = PBXFileReference; lastKnownFileType = sourcecode.swift; path = FilledButton.swift; sourceTree = "<group>"; };
		23FE671F261C341C00B36C85 /* Authentication.swift */ = {isa = PBXFileReference; lastKnownFileType = sourcecode.swift; path = Authentication.swift; sourceTree = "<group>"; };
/* End PBXFileReference section */

/* Begin PBXFrameworksBuildPhase section */
		23FE66F2261C0FF600B36C85 /* Frameworks */ = {
			isa = PBXFrameworksBuildPhase;
			buildActionMask = 2147483647;
			files = (
			);
			runOnlyForDeploymentPostprocessing = 0;
		};
/* End PBXFrameworksBuildPhase section */

/* Begin PBXGroup section */
		2309D4FB2620626C00BF816F /* Supporting Files */ = {
			isa = PBXGroup;
			children = (
				2309D4FD2620629400BF816F /* Constants.swift */,
				2309D500262078C500BF816F /* UITextField+ContentType.swift */,
			);
			path = "Supporting Files";
			sourceTree = "<group>";
		};
		23FE66EC261C0FF600B36C85 = {
			isa = PBXGroup;
			children = (
				23FE66F7261C0FF600B36C85 /* Currency Exchange */,
				23FE66F6261C0FF600B36C85 /* Products */,
			);
			sourceTree = "<group>";
		};
		23FE66F6261C0FF600B36C85 /* Products */ = {
			isa = PBXGroup;
			children = (
				23FE66F5261C0FF600B36C85 /* Currency Exchange.app */,
			);
			name = Products;
			sourceTree = "<group>";
		};
		23FE66F7261C0FF600B36C85 /* Currency Exchange */ = {
			isa = PBXGroup;
			children = (
				23FE66F8261C0FF600B36C85 /* AppDelegate.swift */,
				23FE66FA261C0FF600B36C85 /* SceneDelegate.swift */,
				23FE6725261C343200B36C85 /* API */,
				23FE671D261C333500B36C85 /* Views */,
				23FE6713261C18A800B36C85 /* View Controllers */,
				23FE6701261C0FF700B36C85 /* Assets.xcassets */,
				23FE6703261C0FF700B36C85 /* LaunchScreen.storyboard */,
				2309D4FB2620626C00BF816F /* Supporting Files */,
				23FE6706261C0FF700B36C85 /* Info.plist */,
			);
			path = "Currency Exchange";
			sourceTree = "<group>";
		};
		23FE6713261C18A800B36C85 /* View Controllers */ = {
			isa = PBXGroup;
			children = (
				23FE66FC261C0FF600B36C85 /* ExchangeViewController.swift */,
				23FE6710261C189E00B36C85 /* AddTransactionViewController.swift */,
				23591713261DB54300F14399 /* AuthenticationViewController.swift */,
			);
			path = "View Controllers";
			sourceTree = "<group>";
		};
		23FE671D261C333500B36C85 /* Views */ = {
			isa = PBXGroup;
			children = (
				23FE6715261C191600B36C85 /* BoldBorderlessTextField.swift */,
				23FE6719261C2F2300B36C85 /* FilledButton.swift */,
			);
			path = Views;
			sourceTree = "<group>";
		};
		23FE6723261C342300B36C85 /* Model */ = {
			isa = PBXGroup;
			children = (
				2309D4ED2620584B00BF816F /* Token.swift */,
				2309D4F3262058A800BF816F /* User.swift */,
				2309D4F02620587200BF816F /* ExchangeRates.swift */,
			);
			path = Model;
			sourceTree = "<group>";
		};
		23FE6725261C343200B36C85 /* API */ = {
			isa = PBXGroup;
			children = (
				23719AC82638A6710045DE41 /* Voyage.swift */,
				23FE671F261C341C00B36C85 /* Authentication.swift */,
				2309D4F62620623500BF816F /* UserManager.swift */,
				23FE6723261C342300B36C85 /* Model */,
			);
			path = API;
			sourceTree = "<group>";
		};
/* End PBXGroup section */

/* Begin PBXNativeTarget section */
		23FE66F4261C0FF600B36C85 /* Currency Exchange */ = {
			isa = PBXNativeTarget;
			buildConfigurationList = 23FE6709261C0FF700B36C85 /* Build configuration list for PBXNativeTarget "Currency Exchange" */;
			buildPhases = (
				23FE66F1261C0FF600B36C85 /* Sources */,
				23FE66F2261C0FF600B36C85 /* Frameworks */,
				23FE66F3261C0FF600B36C85 /* Resources */,
			);
			buildRules = (
			);
			dependencies = (
			);
			name = "Currency Exchange";
			productName = "Currency Exchange";
			productReference = 23FE66F5261C0FF600B36C85 /* Currency Exchange.app */;
			productType = "com.apple.product-type.application";
		};
/* End PBXNativeTarget section */

/* Begin PBXProject section */
		23FE66ED261C0FF600B36C85 /* Project object */ = {
			isa = PBXProject;
			attributes = {
				LastSwiftUpdateCheck = 1240;
				LastUpgradeCheck = 1240;
				TargetAttributes = {
					23FE66F4261C0FF600B36C85 = {
						CreatedOnToolsVersion = 12.4;
					};
				};
			};
			buildConfigurationList = 23FE66F0261C0FF600B36C85 /* Build configuration list for PBXProject "Currency Exchange" */;
			compatibilityVersion = "Xcode 9.3";
			developmentRegion = en;
			hasScannedForEncodings = 0;
			knownRegions = (
				en,
				Base,
			);
			mainGroup = 23FE66EC261C0FF600B36C85;
			productRefGroup = 23FE66F6261C0FF600B36C85 /* Products */;
			projectDirPath = "";
			projectRoot = "";
			targets = (
				23FE66F4261C0FF600B36C85 /* Currency Exchange */,
			);
		};
/* End PBXProject section */

/* Begin PBXResourcesBuildPhase section */
		23FE66F3261C0FF600B36C85 /* Resources */ = {
			isa = PBXResourcesBuildPhase;
			buildActionMask = 2147483647;
			files = (
				23FE6705261C0FF700B36C85 /* LaunchScreen.storyboard in Resources */,
				23FE6702261C0FF700B36C85 /* Assets.xcassets in Resources */,
			);
			runOnlyForDeploymentPostprocessing = 0;
		};
/* End PBXResourcesBuildPhase section */

/* Begin PBXSourcesBuildPhase section */
		23FE66F1261C0FF600B36C85 /* Sources */ = {
			isa = PBXSourcesBuildPhase;
			buildActionMask = 2147483647;
			files = (
				2309D4EE2620584B00BF816F /* Token.swift in Sources */,
				23FE6720261C341C00B36C85 /* Authentication.swift in Sources */,
				23719AC92638A6710045DE41 /* Voyage.swift in Sources */,
				23FE66FD261C0FF600B36C85 /* ExchangeViewController.swift in Sources */,
				23FE66F9261C0FF600B36C85 /* AppDelegate.swift in Sources */,
				23FE66FB261C0FF600B36C85 /* SceneDelegate.swift in Sources */,
				2309D501262078C500BF816F /* UITextField+ContentType.swift in Sources */,
				23591714261DB54300F14399 /* AuthenticationViewController.swift in Sources */,
				2309D4F72620623500BF816F /* UserManager.swift in Sources */,
				2309D4FE2620629400BF816F /* Constants.swift in Sources */,
				23FE6716261C191600B36C85 /* BoldBorderlessTextField.swift in Sources */,
				23FE6711261C189E00B36C85 /* AddTransactionViewController.swift in Sources */,
				2309D4F12620587200BF816F /* ExchangeRates.swift in Sources */,
				23FE671A261C2F2300B36C85 /* FilledButton.swift in Sources */,
				2309D4F4262058A800BF816F /* User.swift in Sources */,
			);
			runOnlyForDeploymentPostprocessing = 0;
		};
/* End PBXSourcesBuildPhase section */

/* Begin PBXVariantGroup section */
		23FE6703261C0FF700B36C85 /* LaunchScreen.storyboard */ = {
			isa = PBXVariantGroup;
			children = (
				23FE6704261C0FF700B36C85 /* Base */,
			);
			name = LaunchScreen.storyboard;
			sourceTree = "<group>";
		};
/* End PBXVariantGroup section */

/* Begin XCBuildConfiguration section */
		23FE6707261C0FF700B36C85 /* Debug */ = {
			isa = XCBuildConfiguration;
			buildSettings = {
				ALWAYS_SEARCH_USER_PATHS = NO;
				CLANG_ANALYZER_NONNULL = YES;
				CLANG_ANALYZER_NUMBER_OBJECT_CONVERSION = YES_AGGRESSIVE;
				CLANG_CXX_LANGUAGE_STANDARD = "gnu++14";
				CLANG_CXX_LIBRARY = "libc++";
				CLANG_ENABLE_MODULES = YES;
				CLANG_ENABLE_OBJC_ARC = YES;
				CLANG_ENABLE_OBJC_WEAK = YES;
				CLANG_WARN_BLOCK_CAPTURE_AUTORELEASING = YES;
				CLANG_WARN_BOOL_CONVERSION = YES;
				CLANG_WARN_COMMA = YES;
				CLANG_WARN_CONSTANT_CONVERSION = YES;
				CLANG_WARN_DEPRECATED_OBJC_IMPLEMENTATIONS = YES;
				CLANG_WARN_DIRECT_OBJC_ISA_USAGE = YES_ERROR;
				CLANG_WARN_DOCUMENTATION_COMMENTS = YES;
				CLANG_WARN_EMPTY_BODY = YES;
				CLANG_WARN_ENUM_CONVERSION = YES;
				CLANG_WARN_INFINITE_RECURSION = YES;
				CLANG_WARN_INT_CONVERSION = YES;
				CLANG_WARN_NON_LITERAL_NULL_CONVERSION = YES;
				CLANG_WARN_OBJC_IMPLICIT_RETAIN_SELF = YES;
				CLANG_WARN_OBJC_LITERAL_CONVERSION = YES;
				CLANG_WARN_OBJC_ROOT_CLASS = YES_ERROR;
				CLANG_WARN_QUOTED_INCLUDE_IN_FRAMEWORK_HEADER = YES;
				CLANG_WARN_RANGE_LOOP_ANALYSIS = YES;
				CLANG_WARN_STRICT_PROTOTYPES = YES;
				CLANG_WARN_SUSPICIOUS_MOVE = YES;
				CLANG_WARN_UNGUARDED_AVAILABILITY = YES_AGGRESSIVE;
				CLANG_WARN_UNREACHABLE_CODE = YES;
				CLANG_WARN__DUPLICATE_METHOD_MATCH = YES;
				COPY_PHASE_STRIP = NO;
				DEBUG_INFORMATION_FORMAT = dwarf;
				ENABLE_STRICT_OBJC_MSGSEND = YES;
				ENABLE_TESTABILITY = YES;
				GCC_C_LANGUAGE_STANDARD = gnu11;
				GCC_DYNAMIC_NO_PIC = NO;
				GCC_NO_COMMON_BLOCKS = YES;
				GCC_OPTIMIZATION_LEVEL = 0;
				GCC_PREPROCESSOR_DEFINITIONS = (
					"DEBUG=1",
					"$(inherited)",
				);
				GCC_WARN_64_TO_32_BIT_CONVERSION = YES;
				GCC_WARN_ABOUT_RETURN_TYPE = YES_ERROR;
				GCC_WARN_UNDECLARED_SELECTOR = YES;
				GCC_WARN_UNINITIALIZED_AUTOS = YES_AGGRESSIVE;
				GCC_WARN_UNUSED_FUNCTION = YES;
				GCC_WARN_UNUSED_VARIABLE = YES;
				IPHONEOS_DEPLOYMENT_TARGET = 14.4;
				MTL_ENABLE_DEBUG_INFO = INCLUDE_SOURCE;
				MTL_FAST_MATH = YES;
				ONLY_ACTIVE_ARCH = YES;
				SDKROOT = iphoneos;
				SWIFT_ACTIVE_COMPILATION_CONDITIONS = DEBUG;
				SWIFT_OPTIMIZATION_LEVEL = "-Onone";
			};
			name = Debug;
		};
		23FE6708261C0FF700B36C85 /* Release */ = {
			isa = XCBuildConfiguration;
			buildSettings = {
				ALWAYS_SEARCH_USER_PATHS = NO;
				CLANG_ANALYZER_NONNULL = YES;
				CLANG_ANALYZER_NUMBER_OBJECT_CONVERSION = YES_AGGRESSIVE;
				CLANG_CXX_LANGUAGE_STANDARD = "gnu++14";
				CLANG_CXX_LIBRARY = "libc++";
				CLANG_ENABLE_MODULES = YES;
				CLANG_ENABLE_OBJC_ARC = YES;
				CLANG_ENABLE_OBJC_WEAK = YES;
				CLANG_WARN_BLOCK_CAPTURE_AUTORELEASING = YES;
				CLANG_WARN_BOOL_CONVERSION = YES;
				CLANG_WARN_COMMA = YES;
				CLANG_WARN_CONSTANT_CONVERSION = YES;
				CLANG_WARN_DEPRECATED_OBJC_IMPLEMENTATIONS = YES;
				CLANG_WARN_DIRECT_OBJC_ISA_USAGE = YES_ERROR;
				CLANG_WARN_DOCUMENTATION_COMMENTS = YES;
				CLANG_WARN_EMPTY_BODY = YES;
				CLANG_WARN_ENUM_CONVERSION = YES;
				CLANG_WARN_INFINITE_RECURSION = YES;
				CLANG_WARN_INT_CONVERSION = YES;
				CLANG_WARN_NON_LITERAL_NULL_CONVERSION = YES;
				CLANG_WARN_OBJC_IMPLICIT_RETAIN_SELF = YES;
				CLANG_WARN_OBJC_LITERAL_CONVERSION = YES;
				CLANG_WARN_OBJC_ROOT_CLASS = YES_ERROR;
				CLANG_WARN_QUOTED_INCLUDE_IN_FRAMEWORK_HEADER = YES;
				CLANG_WARN_RANGE_LOOP_ANALYSIS = YES;
				CLANG_WARN_STRICT_PROTOTYPES = YES;
				CLANG_WARN_SUSPICIOUS_MOVE = YES;
				CLANG_WARN_UNGUARDED_AVAILABILITY = YES_AGGRESSIVE;
				CLANG_WARN_UNREACHABLE_CODE = YES;
				CLANG_WARN__DUPLICATE_METHOD_MATCH = YES;
				COPY_PHASE_STRIP = NO;
				DEBUG_INFORMATION_FORMAT = "dwarf-with-dsym";
				ENABLE_NS_ASSERTIONS = NO;
				ENABLE_STRICT_OBJC_MSGSEND = YES;
				GCC_C_LANGUAGE_STANDARD = gnu11;
				GCC_NO_COMMON_BLOCKS = YES;
				GCC_WARN_64_TO_32_BIT_CONVERSION = YES;
				GCC_WARN_ABOUT_RETURN_TYPE = YES_ERROR;
				GCC_WARN_UNDECLARED_SELECTOR = YES;
				GCC_WARN_UNINITIALIZED_AUTOS = YES_AGGRESSIVE;
				GCC_WARN_UNUSED_FUNCTION = YES;
				GCC_WARN_UNUSED_VARIABLE = YES;
				IPHONEOS_DEPLOYMENT_TARGET = 14.4;
				MTL_ENABLE_DEBUG_INFO = NO;
				MTL_FAST_MATH = YES;
				SDKROOT = iphoneos;
				SWIFT_COMPILATION_MODE = wholemodule;
				SWIFT_OPTIMIZATION_LEVEL = "-O";
				VALIDATE_PRODUCT = YES;
			};
			name = Release;
		};
		23FE670A261C0FF700B36C85 /* Debug */ = {
			isa = XCBuildConfiguration;
			buildSettings = {
				ASSETCATALOG_COMPILER_APPICON_NAME = AppIcon;
				ASSETCATALOG_COMPILER_GLOBAL_ACCENT_COLOR_NAME = AccentColor;
				CODE_SIGN_STYLE = Automatic;
				DEVELOPMENT_TEAM = 5X3PZ7P8YG;
				INFOPLIST_FILE = "Currency Exchange/Info.plist";
				LD_RUNPATH_SEARCH_PATHS = (
					"$(inherited)",
					"@executable_path/Frameworks",
				);
				PRODUCT_BUNDLE_IDENTIFIER = "com.omarkhodr.Currency-Exchange";
				PRODUCT_NAME = "$(TARGET_NAME)";
				SWIFT_VERSION = 5.0;
				TARGETED_DEVICE_FAMILY = "1,2";
			};
			name = Debug;
		};
		23FE670B261C0FF700B36C85 /* Release */ = {
			isa = XCBuildConfiguration;
			buildSettings = {
				ASSETCATALOG_COMPILER_APPICON_NAME = AppIcon;
				ASSETCATALOG_COMPILER_GLOBAL_ACCENT_COLOR_NAME = AccentColor;
				CODE_SIGN_STYLE = Automatic;
				DEVELOPMENT_TEAM = 5X3PZ7P8YG;
				INFOPLIST_FILE = "Currency Exchange/Info.plist";
				LD_RUNPATH_SEARCH_PATHS = (
					"$(inherited)",
					"@executable_path/Frameworks",
				);
				PRODUCT_BUNDLE_IDENTIFIER = "com.omarkhodr.Currency-Exchange";
				PRODUCT_NAME = "$(TARGET_NAME)";
				SWIFT_VERSION = 5.0;
				TARGETED_DEVICE_FAMILY = "1,2";
			};
			name = Release;
		};
/* End XCBuildConfiguration section */

/* Begin XCConfigurationList section */
		23FE66F0261C0FF600B36C85 /* Build configuration list for PBXProject "Currency Exchange" */ = {
			isa = XCConfigurationList;
			buildConfigurations = (
				23FE6707261C0FF700B36C85 /* Debug */,
				23FE6708261C0FF700B36C85 /* Release */,
			);
			defaultConfigurationIsVisible = 0;
			defaultConfigurationName = Release;
		};
		23FE6709261C0FF700B36C85 /* Build configuration list for PBXNativeTarget "Currency Exchange" */ = {
			isa = XCConfigurationList;
			buildConfigurations = (
				23FE670A261C0FF700B36C85 /* Debug */,
				23FE670B261C0FF700B36C85 /* Release */,
			);
			defaultConfigurationIsVisible = 0;
			defaultConfigurationName = Release;
		};
/* End XCConfigurationList section */
	};
	rootObject = 23FE66ED261C0FF600B36C85 /* Project object */;
}
